// !$*UTF8*$!
{
	archiveVersion = 1;
	classes = {
	};
	objectVersion = 50;
	objects = {

/* Begin PBXBuildFile section */
		5715C7FF2901A467008C3978 /* userDefaults.swift in Sources */ = {isa = PBXBuildFile; fileRef = 5715C7FE2901A467008C3978 /* userDefaults.swift */; };
		575FADD828FC8F2E007A4B84 /* AppDelegate.swift in Sources */ = {isa = PBXBuildFile; fileRef = 575FADD728FC8F2E007A4B84 /* AppDelegate.swift */; };
		575FADDA28FC8F2E007A4B84 /* SceneDelegate.swift in Sources */ = {isa = PBXBuildFile; fileRef = 575FADD928FC8F2E007A4B84 /* SceneDelegate.swift */; };
		575FADE128FC8F31007A4B84 /* Assets.xcassets in Resources */ = {isa = PBXBuildFile; fileRef = 575FADE028FC8F31007A4B84 /* Assets.xcassets */; };
		575FADE428FC8F31007A4B84 /* LaunchScreen.storyboard in Resources */ = {isa = PBXBuildFile; fileRef = 575FADE228FC8F31007A4B84 /* LaunchScreen.storyboard */; };
		575FADEC28FCA160007A4B84 /* PortfoliosViewController.swift in Sources */ = {isa = PBXBuildFile; fileRef = 575FADEB28FCA160007A4B84 /* PortfoliosViewController.swift */; };
		575FADF528FE9E36007A4B84 /* ViFinance Only Portfolio.xcdatamodeld in Sources */ = {isa = PBXBuildFile; fileRef = 575FADF328FE9E36007A4B84 /* ViFinance Only Portfolio.xcdatamodeld */; };
		575FAE1A28FEB25F007A4B84 /* Main.storyboard in Resources */ = {isa = PBXBuildFile; fileRef = 575FAE1928FEB25F007A4B84 /* Main.storyboard */; };
		5764C9FB29253A55005D92A1 /* Constants.swift in Sources */ = {isa = PBXBuildFile; fileRef = 5764C9FA29253A55005D92A1 /* Constants.swift */; };
		5764C9FD29253B1E005D92A1 /* NetworkStockManager.swift in Sources */ = {isa = PBXBuildFile; fileRef = 5764C9FC29253B1E005D92A1 /* NetworkStockManager.swift */; };
		5764CA24292630FF005D92A1 /* CurrentStockPriceData.swift in Sources */ = {isa = PBXBuildFile; fileRef = 5764CA23292630FF005D92A1 /* CurrentStockPriceData.swift */; };
		5764CA26292631DA005D92A1 /* CurrentStockMarketCapData.swift in Sources */ = {isa = PBXBuildFile; fileRef = 5764CA25292631DA005D92A1 /* CurrentStockMarketCapData.swift */; };
		5764CA2A29294BF2005D92A1 /* CurrentPortfolio.swift in Sources */ = {isa = PBXBuildFile; fileRef = 5764CA2929294BF2005D92A1 /* CurrentPortfolio.swift */; };
		5764CA2C292CF497005D92A1 /* CurrentStockMarketCap.swift in Sources */ = {isa = PBXBuildFile; fileRef = 5764CA2B292CF497005D92A1 /* CurrentStockMarketCap.swift */; };
		5764CA2E292F7EE1005D92A1 /* CurrentStockPrice.swift in Sources */ = {isa = PBXBuildFile; fileRef = 5764CA2D292F7EE0005D92A1 /* CurrentStockPrice.swift */; };
		578390FD293CDC3E000D149D /* CompanyInfoModel.swift in Sources */ = {isa = PBXBuildFile; fileRef = 578390FC293CDC3E000D149D /* CompanyInfoModel.swift */; };
		578391B729405BCA000D149D /* StockDataManager.swift in Sources */ = {isa = PBXBuildFile; fileRef = 578391B629405BCA000D149D /* StockDataManager.swift */; };
		57BD64F02949D7ED00C82C9D /* Exensions.swift in Sources */ = {isa = PBXBuildFile; fileRef = 57BD64EF2949D7ED00C82C9D /* Exensions.swift */; };
		57F76DD3293CD673006B139D /* CompanyCell.swift in Sources */ = {isa = PBXBuildFile; fileRef = 57F76DD2293CD673006B139D /* CompanyCell.swift */; };
/* End PBXBuildFile section */

/* Begin PBXFileReference section */
		5715C7FE2901A467008C3978 /* userDefaults.swift */ = {isa = PBXFileReference; lastKnownFileType = sourcecode.swift; path = userDefaults.swift; sourceTree = "<group>"; };
		575FADD428FC8F2E007A4B84 /* ViFinance Only Portfolio.app */ = {isa = PBXFileReference; explicitFileType = wrapper.application; includeInIndex = 0; path = "ViFinance Only Portfolio.app"; sourceTree = BUILT_PRODUCTS_DIR; };
		575FADD728FC8F2E007A4B84 /* AppDelegate.swift */ = {isa = PBXFileReference; lastKnownFileType = sourcecode.swift; path = AppDelegate.swift; sourceTree = "<group>"; };
		575FADD928FC8F2E007A4B84 /* SceneDelegate.swift */ = {isa = PBXFileReference; lastKnownFileType = sourcecode.swift; path = SceneDelegate.swift; sourceTree = "<group>"; };
		575FADE028FC8F31007A4B84 /* Assets.xcassets */ = {isa = PBXFileReference; lastKnownFileType = folder.assetcatalog; path = Assets.xcassets; sourceTree = "<group>"; };
		575FADE328FC8F31007A4B84 /* Base */ = {isa = PBXFileReference; lastKnownFileType = file.storyboard; name = Base; path = Base.lproj/LaunchScreen.storyboard; sourceTree = "<group>"; };
		575FADE528FC8F31007A4B84 /* Info.plist */ = {isa = PBXFileReference; lastKnownFileType = text.plist.xml; path = Info.plist; sourceTree = "<group>"; };
		575FADEB28FCA160007A4B84 /* PortfoliosViewController.swift */ = {isa = PBXFileReference; lastKnownFileType = sourcecode.swift; path = PortfoliosViewController.swift; sourceTree = "<group>"; };
		575FADF428FE9E36007A4B84 /* ViFinance Only Portfolio.xcdatamodel */ = {isa = PBXFileReference; lastKnownFileType = wrapper.xcdatamodel; path = "ViFinance Only Portfolio.xcdatamodel"; sourceTree = "<group>"; };
		575FAE1928FEB25F007A4B84 /* Main.storyboard */ = {isa = PBXFileReference; fileEncoding = 4; lastKnownFileType = file.storyboard; path = Main.storyboard; sourceTree = "<group>"; };
		5764C9FA29253A55005D92A1 /* Constants.swift */ = {isa = PBXFileReference; lastKnownFileType = sourcecode.swift; path = Constants.swift; sourceTree = "<group>"; };
		5764C9FC29253B1E005D92A1 /* NetworkStockManager.swift */ = {isa = PBXFileReference; lastKnownFileType = sourcecode.swift; path = NetworkStockManager.swift; sourceTree = "<group>"; };
		5764CA23292630FF005D92A1 /* CurrentStockPriceData.swift */ = {isa = PBXFileReference; lastKnownFileType = sourcecode.swift; path = CurrentStockPriceData.swift; sourceTree = "<group>"; };
		5764CA25292631DA005D92A1 /* CurrentStockMarketCapData.swift */ = {isa = PBXFileReference; lastKnownFileType = sourcecode.swift; path = CurrentStockMarketCapData.swift; sourceTree = "<group>"; };
		5764CA2929294BF2005D92A1 /* CurrentPortfolio.swift */ = {isa = PBXFileReference; lastKnownFileType = sourcecode.swift; path = CurrentPortfolio.swift; sourceTree = "<group>"; };
		5764CA2B292CF497005D92A1 /* CurrentStockMarketCap.swift */ = {isa = PBXFileReference; lastKnownFileType = sourcecode.swift; path = CurrentStockMarketCap.swift; sourceTree = "<group>"; };
		5764CA2D292F7EE0005D92A1 /* CurrentStockPrice.swift */ = {isa = PBXFileReference; lastKnownFileType = sourcecode.swift; path = CurrentStockPrice.swift; sourceTree = "<group>"; };
		578390FC293CDC3E000D149D /* CompanyInfoModel.swift */ = {isa = PBXFileReference; lastKnownFileType = sourcecode.swift; path = CompanyInfoModel.swift; sourceTree = "<group>"; };
		578391B629405BCA000D149D /* StockDataManager.swift */ = {isa = PBXFileReference; lastKnownFileType = sourcecode.swift; path = StockDataManager.swift; sourceTree = "<group>"; };
		57BD64EF2949D7ED00C82C9D /* Exensions.swift */ = {isa = PBXFileReference; lastKnownFileType = sourcecode.swift; path = Exensions.swift; sourceTree = "<group>"; };
		57F76DD2293CD673006B139D /* CompanyCell.swift */ = {isa = PBXFileReference; lastKnownFileType = sourcecode.swift; path = CompanyCell.swift; sourceTree = "<group>"; };
/* End PBXFileReference section */

/* Begin PBXFrameworksBuildPhase section */
		575FADD128FC8F2E007A4B84 /* Frameworks */ = {
			isa = PBXFrameworksBuildPhase;
			buildActionMask = 2147483647;
			files = (
			);
			runOnlyForDeploymentPostprocessing = 0;
		};
/* End PBXFrameworksBuildPhase section */

/* Begin PBXGroup section */
		575FADCB28FC8F2E007A4B84 = {
			isa = PBXGroup;
			children = (
				575FADD628FC8F2E007A4B84 /* ViFinance Only Portfolio */,
				575FADD528FC8F2E007A4B84 /* Products */,
			);
			sourceTree = "<group>";
		};
		575FADD528FC8F2E007A4B84 /* Products */ = {
			isa = PBXGroup;
			children = (
				575FADD428FC8F2E007A4B84 /* ViFinance Only Portfolio.app */,
			);
			name = Products;
			sourceTree = "<group>";
		};
		575FADD628FC8F2E007A4B84 /* ViFinance Only Portfolio */ = {
			isa = PBXGroup;
			children = (
				57F76DCE293CD590006B139D /* Services */,
				575FADE528FC8F31007A4B84 /* Info.plist */,
				5764C9F82925370C005D92A1 /* Extensions */,
				5764C9F729253701005D92A1 /* Views */,
				5764C9F4292536B0005D92A1 /* Models */,
				5764C9F929253719005D92A1 /* View Controllers */,
				5764C9F6292536D8005D92A1 /* Supporting files */,
				575FADF328FE9E36007A4B84 /* ViFinance Only Portfolio.xcdatamodeld */,
			);
			path = "ViFinance Only Portfolio";
			sourceTree = "<group>";
		};
		5764C9F4292536B0005D92A1 /* Models */ = {
			isa = PBXGroup;
			children = (
				5764CA23292630FF005D92A1 /* CurrentStockPriceData.swift */,
				578390FC293CDC3E000D149D /* CompanyInfoModel.swift */,
				5764CA25292631DA005D92A1 /* CurrentStockMarketCapData.swift */,
				5764CA2D292F7EE0005D92A1 /* CurrentStockPrice.swift */,
				5764CA2B292CF497005D92A1 /* CurrentStockMarketCap.swift */,
				5764CA2929294BF2005D92A1 /* CurrentPortfolio.swift */,
			);
			path = Models;
			sourceTree = "<group>";
		};
		5764C9F6292536D8005D92A1 /* Supporting files */ = {
			isa = PBXGroup;
			children = (
				5764C9FA29253A55005D92A1 /* Constants.swift */,
				575FADD728FC8F2E007A4B84 /* AppDelegate.swift */,
				5715C7FE2901A467008C3978 /* userDefaults.swift */,
				575FADD928FC8F2E007A4B84 /* SceneDelegate.swift */,
				575FADE028FC8F31007A4B84 /* Assets.xcassets */,
			);
			path = "Supporting files";
			sourceTree = "<group>";
		};
		5764C9F729253701005D92A1 /* Views */ = {
			isa = PBXGroup;
			children = (
				57F76DD1293CD63E006B139D /* Cells */,
				575FAE1928FEB25F007A4B84 /* Main.storyboard */,
				575FADE228FC8F31007A4B84 /* LaunchScreen.storyboard */,
			);
			path = Views;
			sourceTree = "<group>";
		};
		5764C9F82925370C005D92A1 /* Extensions */ = {
			isa = PBXGroup;
			children = (
				57BD64EF2949D7ED00C82C9D /* Exensions.swift */,
			);
			path = Extensions;
			sourceTree = "<group>";
		};
		5764C9F929253719005D92A1 /* View Controllers */ = {
			isa = PBXGroup;
			children = (
				57F76DCF293CD5F4006B139D /* PortfoliosViewController */,
			);
			path = "View Controllers";
			sourceTree = "<group>";
		};
		57F76DCE293CD590006B139D /* Services */ = {
			isa = PBXGroup;
			children = (
				5764C9FC29253B1E005D92A1 /* NetworkStockManager.swift */,
				578391B629405BCA000D149D /* StockDataManager.swift */,
			);
			path = Services;
			sourceTree = "<group>";
		};
		57F76DCF293CD5F4006B139D /* PortfoliosViewController */ = {
			isa = PBXGroup;
			children = (
				575FADEB28FCA160007A4B84 /* PortfoliosViewController.swift */,
			);
			path = PortfoliosViewController;
			sourceTree = "<group>";
		};
		57F76DD1293CD63E006B139D /* Cells */ = {
			isa = PBXGroup;
			children = (
				57F76DD2293CD673006B139D /* CompanyCell.swift */,
			);
			path = Cells;
			sourceTree = "<group>";
		};
/* End PBXGroup section */

/* Begin PBXNativeTarget section */
		575FADD328FC8F2E007A4B84 /* ViFinance Only Portfolio */ = {
			isa = PBXNativeTarget;
			buildConfigurationList = 575FADE828FC8F31007A4B84 /* Build configuration list for PBXNativeTarget "ViFinance Only Portfolio" */;
			buildPhases = (
				575FADD028FC8F2E007A4B84 /* Sources */,
				575FADD128FC8F2E007A4B84 /* Frameworks */,
				575FADD228FC8F2E007A4B84 /* Resources */,
			);
			buildRules = (
			);
			dependencies = (
			);
			name = "ViFinance Only Portfolio";
			productName = "ViFinance Only Portfolio";
			productReference = 575FADD428FC8F2E007A4B84 /* ViFinance Only Portfolio.app */;
			productType = "com.apple.product-type.application";
		};
/* End PBXNativeTarget section */

/* Begin PBXProject section */
		575FADCC28FC8F2E007A4B84 /* Project object */ = {
			isa = PBXProject;
			attributes = {
				LastSwiftUpdateCheck = 1130;
				LastUpgradeCheck = 1130;
				ORGANIZATIONNAME = "Vitaliy Iakushev";
				TargetAttributes = {
					575FADD328FC8F2E007A4B84 = {
						CreatedOnToolsVersion = 11.3.1;
					};
				};
			};
			buildConfigurationList = 575FADCF28FC8F2E007A4B84 /* Build configuration list for PBXProject "ViFinance Only Portfolio" */;
			compatibilityVersion = "Xcode 9.3";
			developmentRegion = en;
			hasScannedForEncodings = 0;
			knownRegions = (
				en,
				Base,
			);
			mainGroup = 575FADCB28FC8F2E007A4B84;
			productRefGroup = 575FADD528FC8F2E007A4B84 /* Products */;
			projectDirPath = "";
			projectRoot = "";
			targets = (
				575FADD328FC8F2E007A4B84 /* ViFinance Only Portfolio */,
			);
		};
/* End PBXProject section */

/* Begin PBXResourcesBuildPhase section */
		575FADD228FC8F2E007A4B84 /* Resources */ = {
			isa = PBXResourcesBuildPhase;
			buildActionMask = 2147483647;
			files = (
				575FAE1A28FEB25F007A4B84 /* Main.storyboard in Resources */,
				575FADE428FC8F31007A4B84 /* LaunchScreen.storyboard in Resources */,
				575FADE128FC8F31007A4B84 /* Assets.xcassets in Resources */,
			);
			runOnlyForDeploymentPostprocessing = 0;
		};
/* End PBXResourcesBuildPhase section */

/* Begin PBXSourcesBuildPhase section */
		575FADD028FC8F2E007A4B84 /* Sources */ = {
			isa = PBXSourcesBuildPhase;
			buildActionMask = 2147483647;
			files = (
				575FADEC28FCA160007A4B84 /* PortfoliosViewController.swift in Sources */,
				5715C7FF2901A467008C3978 /* userDefaults.swift in Sources */,
				5764CA24292630FF005D92A1 /* CurrentStockPriceData.swift in Sources */,
				5764CA2C292CF497005D92A1 /* CurrentStockMarketCap.swift in Sources */,
				575FADD828FC8F2E007A4B84 /* AppDelegate.swift in Sources */,
				5764CA2A29294BF2005D92A1 /* CurrentPortfolio.swift in Sources */,
				57BD64F02949D7ED00C82C9D /* Exensions.swift in Sources */,
				5764C9FD29253B1E005D92A1 /* NetworkStockManager.swift in Sources */,
				5764CA26292631DA005D92A1 /* CurrentStockMarketCapData.swift in Sources */,
				578391B729405BCA000D149D /* StockDataManager.swift in Sources */,
				5764CA2E292F7EE1005D92A1 /* CurrentStockPrice.swift in Sources */,
				57F76DD3293CD673006B139D /* CompanyCell.swift in Sources */,
				575FADF528FE9E36007A4B84 /* ViFinance Only Portfolio.xcdatamodeld in Sources */,
				575FADDA28FC8F2E007A4B84 /* SceneDelegate.swift in Sources */,
				578390FD293CDC3E000D149D /* CompanyInfoModel.swift in Sources */,
				5764C9FB29253A55005D92A1 /* Constants.swift in Sources */,
			);
			runOnlyForDeploymentPostprocessing = 0;
		};
/* End PBXSourcesBuildPhase section */

/* Begin PBXVariantGroup section */
		575FADE228FC8F31007A4B84 /* LaunchScreen.storyboard */ = {
			isa = PBXVariantGroup;
			children = (
				575FADE328FC8F31007A4B84 /* Base */,
			);
			name = LaunchScreen.storyboard;
			sourceTree = "<group>";
		};
/* End PBXVariantGroup section */

/* Begin XCBuildConfiguration section */
		575FADE628FC8F31007A4B84 /* Debug */ = {
			isa = XCBuildConfiguration;
			buildSettings = {
				ALWAYS_SEARCH_USER_PATHS = NO;
				CLANG_ANALYZER_NONNULL = YES;
				CLANG_ANALYZER_NUMBER_OBJECT_CONVERSION = YES_AGGRESSIVE;
				CLANG_CXX_LANGUAGE_STANDARD = "gnu++14";
				CLANG_CXX_LIBRARY = "libc++";
				CLANG_ENABLE_MODULES = YES;
				CLANG_ENABLE_OBJC_ARC = YES;
				CLANG_ENABLE_OBJC_WEAK = YES;
				CLANG_WARN_BLOCK_CAPTURE_AUTORELEASING = YES;
				CLANG_WARN_BOOL_CONVERSION = YES;
				CLANG_WARN_COMMA = YES;
				CLANG_WARN_CONSTANT_CONVERSION = YES;
				CLANG_WARN_DEPRECATED_OBJC_IMPLEMENTATIONS = YES;
				CLANG_WARN_DIRECT_OBJC_ISA_USAGE = YES_ERROR;
				CLANG_WARN_DOCUMENTATION_COMMENTS = YES;
				CLANG_WARN_EMPTY_BODY = YES;
				CLANG_WARN_ENUM_CONVERSION = YES;
				CLANG_WARN_INFINITE_RECURSION = YES;
				CLANG_WARN_INT_CONVERSION = YES;
				CLANG_WARN_NON_LITERAL_NULL_CONVERSION = YES;
				CLANG_WARN_OBJC_IMPLICIT_RETAIN_SELF = YES;
				CLANG_WARN_OBJC_LITERAL_CONVERSION = YES;
				CLANG_WARN_OBJC_ROOT_CLASS = YES_ERROR;
				CLANG_WARN_RANGE_LOOP_ANALYSIS = YES;
				CLANG_WARN_STRICT_PROTOTYPES = YES;
				CLANG_WARN_SUSPICIOUS_MOVE = YES;
				CLANG_WARN_UNGUARDED_AVAILABILITY = YES_AGGRESSIVE;
				CLANG_WARN_UNREACHABLE_CODE = YES;
				CLANG_WARN__DUPLICATE_METHOD_MATCH = YES;
				COPY_PHASE_STRIP = NO;
				DEBUG_INFORMATION_FORMAT = dwarf;
				ENABLE_STRICT_OBJC_MSGSEND = YES;
				ENABLE_TESTABILITY = YES;
				GCC_C_LANGUAGE_STANDARD = gnu11;
				GCC_DYNAMIC_NO_PIC = NO;
				GCC_NO_COMMON_BLOCKS = YES;
				GCC_OPTIMIZATION_LEVEL = 0;
				GCC_PREPROCESSOR_DEFINITIONS = (
					"DEBUG=1",
					"$(inherited)",
				);
				GCC_WARN_64_TO_32_BIT_CONVERSION = YES;
				GCC_WARN_ABOUT_RETURN_TYPE = YES_ERROR;
				GCC_WARN_UNDECLARED_SELECTOR = YES;
				GCC_WARN_UNINITIALIZED_AUTOS = YES_AGGRESSIVE;
				GCC_WARN_UNUSED_FUNCTION = YES;
				GCC_WARN_UNUSED_VARIABLE = YES;
				IPHONEOS_DEPLOYMENT_TARGET = 13.2;
				MTL_ENABLE_DEBUG_INFO = INCLUDE_SOURCE;
				MTL_FAST_MATH = YES;
				ONLY_ACTIVE_ARCH = YES;
				SDKROOT = iphoneos;
				SWIFT_ACTIVE_COMPILATION_CONDITIONS = DEBUG;
				SWIFT_OPTIMIZATION_LEVEL = "-Onone";
			};
			name = Debug;
		};
		575FADE728FC8F31007A4B84 /* Release */ = {
			isa = XCBuildConfiguration;
			buildSettings = {
				ALWAYS_SEARCH_USER_PATHS = NO;
				CLANG_ANALYZER_NONNULL = YES;
				CLANG_ANALYZER_NUMBER_OBJECT_CONVERSION = YES_AGGRESSIVE;
				CLANG_CXX_LANGUAGE_STANDARD = "gnu++14";
				CLANG_CXX_LIBRARY = "libc++";
				CLANG_ENABLE_MODULES = YES;
				CLANG_ENABLE_OBJC_ARC = YES;
				CLANG_ENABLE_OBJC_WEAK = YES;
				CLANG_WARN_BLOCK_CAPTURE_AUTORELEASING = YES;
				CLANG_WARN_BOOL_CONVERSION = YES;
				CLANG_WARN_COMMA = YES;
				CLANG_WARN_CONSTANT_CONVERSION = YES;
				CLANG_WARN_DEPRECATED_OBJC_IMPLEMENTATIONS = YES;
				CLANG_WARN_DIRECT_OBJC_ISA_USAGE = YES_ERROR;
				CLANG_WARN_DOCUMENTATION_COMMENTS = YES;
				CLANG_WARN_EMPTY_BODY = YES;
				CLANG_WARN_ENUM_CONVERSION = YES;
				CLANG_WARN_INFINITE_RECURSION = YES;
				CLANG_WARN_INT_CONVERSION = YES;
				CLANG_WARN_NON_LITERAL_NULL_CONVERSION = YES;
				CLANG_WARN_OBJC_IMPLICIT_RETAIN_SELF = YES;
				CLANG_WARN_OBJC_LITERAL_CONVERSION = YES;
				CLANG_WARN_OBJC_ROOT_CLASS = YES_ERROR;
				CLANG_WARN_RANGE_LOOP_ANALYSIS = YES;
				CLANG_WARN_STRICT_PROTOTYPES = YES;
				CLANG_WARN_SUSPICIOUS_MOVE = YES;
				CLANG_WARN_UNGUARDED_AVAILABILITY = YES_AGGRESSIVE;
				CLANG_WARN_UNREACHABLE_CODE = YES;
				CLANG_WARN__DUPLICATE_METHOD_MATCH = YES;
				COPY_PHASE_STRIP = NO;
				DEBUG_INFORMATION_FORMAT = "dwarf-with-dsym";
				ENABLE_NS_ASSERTIONS = NO;
				ENABLE_STRICT_OBJC_MSGSEND = YES;
				GCC_C_LANGUAGE_STANDARD = gnu11;
				GCC_NO_COMMON_BLOCKS = YES;
				GCC_WARN_64_TO_32_BIT_CONVERSION = YES;
				GCC_WARN_ABOUT_RETURN_TYPE = YES_ERROR;
				GCC_WARN_UNDECLARED_SELECTOR = YES;
				GCC_WARN_UNINITIALIZED_AUTOS = YES_AGGRESSIVE;
				GCC_WARN_UNUSED_FUNCTION = YES;
				GCC_WARN_UNUSED_VARIABLE = YES;
				IPHONEOS_DEPLOYMENT_TARGET = 13.2;
				MTL_ENABLE_DEBUG_INFO = NO;
				MTL_FAST_MATH = YES;
				SDKROOT = iphoneos;
				SWIFT_COMPILATION_MODE = wholemodule;
				SWIFT_OPTIMIZATION_LEVEL = "-O";
				VALIDATE_PRODUCT = YES;
			};
			name = Release;
		};
		575FADE928FC8F31007A4B84 /* Debug */ = {
			isa = XCBuildConfiguration;
			buildSettings = {
				ASSETCATALOG_COMPILER_APPICON_NAME = AppIcon;
				CODE_SIGN_STYLE = Automatic;
				DEVELOPMENT_TEAM = YZT8MU55TB;
				FRAMEWORK_SEARCH_PATHS = (
					"$(inherited)",
					"$(PROJECT_DIR)",
				);
				INFOPLIST_FILE = "ViFinance Only Portfolio/Info.plist";
				LD_RUNPATH_SEARCH_PATHS = (
					"$(inherited)",
					"@executable_path/Frameworks",
				);
				PRODUCT_BUNDLE_IDENTIFIER = "ru.vifinance.ViFinance-Only-Portfolio";
				PRODUCT_NAME = "$(TARGET_NAME)";
				SWIFT_VERSION = 5.0;
				TARGETED_DEVICE_FAMILY = 1;
			};
			name = Debug;
		};
		575FADEA28FC8F31007A4B84 /* Release */ = {
			isa = XCBuildConfiguration;
			buildSettings = {
				ASSETCATALOG_COMPILER_APPICON_NAME = AppIcon;
				CODE_SIGN_STYLE = Automatic;
				DEVELOPMENT_TEAM = YZT8MU55TB;
				FRAMEWORK_SEARCH_PATHS = (
					"$(inherited)",
					"$(PROJECT_DIR)",
				);
				INFOPLIST_FILE = "ViFinance Only Portfolio/Info.plist";
				LD_RUNPATH_SEARCH_PATHS = (
					"$(inherited)",
					"@executable_path/Frameworks",
				);
				PRODUCT_BUNDLE_IDENTIFIER = "ru.vifinance.ViFinance-Only-Portfolio";
				PRODUCT_NAME = "$(TARGET_NAME)";
				SWIFT_VERSION = 5.0;
				TARGETED_DEVICE_FAMILY = 1;
			};
			name = Release;
		};
/* End XCBuildConfiguration section */

/* Begin XCConfigurationList section */
		575FADCF28FC8F2E007A4B84 /* Build configuration list for PBXProject "ViFinance Only Portfolio" */ = {
			isa = XCConfigurationList;
			buildConfigurations = (
				575FADE628FC8F31007A4B84 /* Debug */,
				575FADE728FC8F31007A4B84 /* Release */,
			);
			defaultConfigurationIsVisible = 0;
			defaultConfigurationName = Release;
		};
		575FADE828FC8F31007A4B84 /* Build configuration list for PBXNativeTarget "ViFinance Only Portfolio" */ = {
			isa = XCConfigurationList;
			buildConfigurations = (
				575FADE928FC8F31007A4B84 /* Debug */,
				575FADEA28FC8F31007A4B84 /* Release */,
			);
			defaultConfigurationIsVisible = 0;
			defaultConfigurationName = Release;
		};
/* End XCConfigurationList section */

/* Begin XCVersionGroup section */
		575FADF328FE9E36007A4B84 /* ViFinance Only Portfolio.xcdatamodeld */ = {
			isa = XCVersionGroup;
			children = (
				575FADF428FE9E36007A4B84 /* ViFinance Only Portfolio.xcdatamodel */,
			);
			currentVersion = 575FADF428FE9E36007A4B84 /* ViFinance Only Portfolio.xcdatamodel */;
			path = "ViFinance Only Portfolio.xcdatamodeld";
			sourceTree = "<group>";
			versionGroupType = wrapper.xcdatamodel;
		};
/* End XCVersionGroup section */
	};
	rootObject = 575FADCC28FC8F2E007A4B84 /* Project object */;
}
